
Microsoft Visual Studio Solution File, Format Version 12.00
# Visual Studio Version 17
VisualStudioVersion = 17.10.34916.146
MinimumVisualStudioVersion = 10.0.40219.1
Project("{9A19103F-16F7-4668-BE54-9A1E7A4F7556}") = "EmpresaX", "EmpresaX\EmpresaX.csproj", "{383C9615-3FEC-42C2-B9E2-CA72FB47DF75}"
EndProject
Global
	GlobalSection(SolutionConfigurationPlatforms) = preSolution
		Debug|Any CPU = Debug|Any CPU
		Release|Any CPU = Release|Any CPU
	EndGlobalSection
	GlobalSection(ProjectConfigurationPlatforms) = postSolution
		{383C9615-3FEC-42C2-B9E2-CA72FB47DF75}.Debug|Any CPU.ActiveCfg = Debug|Any CPU
		{383C9615-3FEC-42C2-B9E2-CA72FB47DF75}.Debug|Any CPU.Build.0 = Debug|Any CPU
		{383C9615-3FEC-42C2-B9E2-CA72FB47DF75}.Release|Any CPU.ActiveCfg = Release|Any CPU
		{383C9615-3FEC-42C2-B9E2-CA72FB47DF75}.Release|Any CPU.Build.0 = Release|Any CPU
	EndGlobalSection
	GlobalSection(SolutionProperties) = preSolution
		HideSolutionNode = FALSE
	EndGlobalSection
	GlobalSection(ExtensibilityGlobals) = postSolution
		SolutionGuid = {E5A37E75-4C0A-4812-9F23-B1776EE30EFE}
	EndGlobalSection
EndGlobal
